
Microsoft Visual Studio Solution File, Format Version 12.00
# Visual Studio 14
VisualStudioVersion = 14.0.25123.0
MinimumVisualStudioVersion = 10.0.40219.1
Project("{FAE04EC0-301F-11D3-BF4B-00C04F79EFBC}") = "AdminCorridorSystem", "AdminCorridorSystem\AdminCorridorSystem.csproj", "{482CA54C-D3CB-4EF9-91ED-4BB174C3B447}"
EndProject
Project("{FAE04EC0-301F-11D3-BF4B-00C04F79EFBC}") = "AdminCorridorSystem.Tests", "AdminCorridorSystem.Tests\AdminCorridorSystem.Tests.csproj", "{A4DF0208-B9F8-43B7-A621-DD1405DB963E}"
EndProject
Global
	GlobalSection(SolutionConfigurationPlatforms) = preSolution
		Debug|Any CPU = Debug|Any CPU
		Release|Any CPU = Release|Any CPU
	EndGlobalSection
	GlobalSection(ProjectConfigurationPlatforms) = postSolution
		{482CA54C-D3CB-4EF9-91ED-4BB174C3B447}.Debug|Any CPU.ActiveCfg = Debug|Any CPU
		{482CA54C-D3CB-4EF9-91ED-4BB174C3B447}.Debug|Any CPU.Build.0 = Debug|Any CPU
		{482CA54C-D3CB-4EF9-91ED-4BB174C3B447}.Release|Any CPU.ActiveCfg = Release|Any CPU
		{482CA54C-D3CB-4EF9-91ED-4BB174C3B447}.Release|Any CPU.Build.0 = Release|Any CPU
		{A4DF0208-B9F8-43B7-A621-DD1405DB963E}.Debug|Any CPU.ActiveCfg = Debug|Any CPU
		{A4DF0208-B9F8-43B7-A621-DD1405DB963E}.Debug|Any CPU.Build.0 = Debug|Any CPU
		{A4DF0208-B9F8-43B7-A621-DD1405DB963E}.Release|Any CPU.ActiveCfg = Release|Any CPU
		{A4DF0208-B9F8-43B7-A621-DD1405DB963E}.Release|Any CPU.Build.0 = Release|Any CPU
	EndGlobalSection
	GlobalSection(SolutionProperties) = preSolution
		HideSolutionNode = FALSE
	EndGlobalSection
EndGlobal
